
Microsoft Visual Studio Solution File, Format Version 12.00
# Visual Studio Version 17
VisualStudioVersion = 17.14.36414.22 d17.14
MinimumVisualStudioVersion = 10.0.40219.1
Project("{FAE04EC0-301F-11D3-BF4B-00C04F79EFBC}") = "Laboratorio 6", "Laboratorio 6\Laboratorio 6.csproj", "{CE984AFC-5B3C-4B88-9625-151AEBC341AD}"
EndProject
Project("{FAE04EC0-301F-11D3-BF4B-00C04F79EFBC}") = "Laboratorio 61", "Laboratorio 61\Laboratorio 61.csproj", "{D5798266-21B3-46AF-BEF5-65C759C7A84A}"
EndProject
Project("{FAE04EC0-301F-11D3-BF4B-00C04F79EFBC}") = "Laboratorio 62", "Laboratorio 62\Laboratorio 62.csproj", "{2247AC2F-8D5F-4365-A927-450DE43C756D}"
EndProject
Project("{FAE04EC0-301F-11D3-BF4B-00C04F79EFBC}") = "Laboratorio 63", "Laboratorio 63\Laboratorio 63.csproj", "{97BD8121-0359-494E-A143-37D8BF2A80B8}"
EndProject
Project("{FAE04EC0-301F-11D3-BF4B-00C04F79EFBC}") = "Laboratorio 64", "Laboratorio 64\Laboratorio 64.csproj", "{7C6C2BB8-BEF3-4444-A0D6-21C5D298E87B}"
EndProject
Global
	GlobalSection(SolutionConfigurationPlatforms) = preSolution
		Debug|Any CPU = Debug|Any CPU
		Release|Any CPU = Release|Any CPU
	EndGlobalSection
	GlobalSection(ProjectConfigurationPlatforms) = postSolution
		{CE984AFC-5B3C-4B88-9625-151AEBC341AD}.Debug|Any CPU.ActiveCfg = Debug|Any CPU
		{CE984AFC-5B3C-4B88-9625-151AEBC341AD}.Debug|Any CPU.Build.0 = Debug|Any CPU
		{CE984AFC-5B3C-4B88-9625-151AEBC341AD}.Release|Any CPU.ActiveCfg = Release|Any CPU
		{CE984AFC-5B3C-4B88-9625-151AEBC341AD}.Release|Any CPU.Build.0 = Release|Any CPU
		{D5798266-21B3-46AF-BEF5-65C759C7A84A}.Debug|Any CPU.ActiveCfg = Debug|Any CPU
		{D5798266-21B3-46AF-BEF5-65C759C7A84A}.Debug|Any CPU.Build.0 = Debug|Any CPU
		{D5798266-21B3-46AF-BEF5-65C759C7A84A}.Release|Any CPU.ActiveCfg = Release|Any CPU
		{D5798266-21B3-46AF-BEF5-65C759C7A84A}.Release|Any CPU.Build.0 = Release|Any CPU
		{2247AC2F-8D5F-4365-A927-450DE43C756D}.Debug|Any CPU.ActiveCfg = Debug|Any CPU
		{2247AC2F-8D5F-4365-A927-450DE43C756D}.Debug|Any CPU.Build.0 = Debug|Any CPU
		{2247AC2F-8D5F-4365-A927-450DE43C756D}.Release|Any CPU.ActiveCfg = Release|Any CPU
		{2247AC2F-8D5F-4365-A927-450DE43C756D}.Release|Any CPU.Build.0 = Release|Any CPU
		{97BD8121-0359-494E-A143-37D8BF2A80B8}.Debug|Any CPU.ActiveCfg = Debug|Any CPU
		{97BD8121-0359-494E-A143-37D8BF2A80B8}.Debug|Any CPU.Build.0 = Debug|Any CPU
		{97BD8121-0359-494E-A143-37D8BF2A80B8}.Release|Any CPU.ActiveCfg = Release|Any CPU
		{97BD8121-0359-494E-A143-37D8BF2A80B8}.Release|Any CPU.Build.0 = Release|Any CPU
		{7C6C2BB8-BEF3-4444-A0D6-21C5D298E87B}.Debug|Any CPU.ActiveCfg = Debug|Any CPU
		{7C6C2BB8-BEF3-4444-A0D6-21C5D298E87B}.Debug|Any CPU.Build.0 = Debug|Any CPU
		{7C6C2BB8-BEF3-4444-A0D6-21C5D298E87B}.Release|Any CPU.ActiveCfg = Release|Any CPU
		{7C6C2BB8-BEF3-4444-A0D6-21C5D298E87B}.Release|Any CPU.Build.0 = Release|Any CPU
	EndGlobalSection
	GlobalSection(SolutionProperties) = preSolution
		HideSolutionNode = FALSE
	EndGlobalSection
	GlobalSection(ExtensibilityGlobals) = postSolution
		SolutionGuid = {2F70E0B5-76C4-41DE-A411-F72DB100764B}
	EndGlobalSection
EndGlobal
