
Microsoft Visual Studio Solution File, Format Version 12.00
# Visual Studio Version 17
VisualStudioVersion = 17.14.36603.0 d17.14
MinimumVisualStudioVersion = 10.0.40219.1
Project("{FAE04EC0-301F-11D3-BF4B-00C04F79EFBC}") = "Proyeccto 2", "Proyeccto 2\Proyeccto 2.csproj", "{BC47B190-F3C4-4338-AB17-9E3733931CC2}"
EndProject
Global
	GlobalSection(SolutionConfigurationPlatforms) = preSolution
		Debug|Any CPU = Debug|Any CPU
		Release|Any CPU = Release|Any CPU
	EndGlobalSection
	GlobalSection(ProjectConfigurationPlatforms) = postSolution
		{BC47B190-F3C4-4338-AB17-9E3733931CC2}.Debug|Any CPU.ActiveCfg = Debug|Any CPU
		{BC47B190-F3C4-4338-AB17-9E3733931CC2}.Debug|Any CPU.Build.0 = Debug|Any CPU
		{BC47B190-F3C4-4338-AB17-9E3733931CC2}.Release|Any CPU.ActiveCfg = Release|Any CPU
		{BC47B190-F3C4-4338-AB17-9E3733931CC2}.Release|Any CPU.Build.0 = Release|Any CPU
	EndGlobalSection
	GlobalSection(SolutionProperties) = preSolution
		HideSolutionNode = FALSE
	EndGlobalSection
	GlobalSection(ExtensibilityGlobals) = postSolution
		SolutionGuid = {188E6FB1-A54E-4F30-91BD-ADA3760D42E5}
	EndGlobalSection
EndGlobal
