
Microsoft Visual Studio Solution File, Format Version 12.00
# Visual Studio Version 17
VisualStudioVersion = 17.14.36414.22 d17.14
MinimumVisualStudioVersion = 10.0.40219.1
Project("{FAE04EC0-301F-11D3-BF4B-00C04F79EFBC}") = "Laboratorio 3", "Laboratorio 3\Laboratorio 3.csproj", "{37C57433-969D-4B55-9DDD-3B0EA157B164}"
EndProject
Project("{FAE04EC0-301F-11D3-BF4B-00C04F79EFBC}") = "Laboratorio 31", "Laboratorio 31\Laboratorio 31.csproj", "{50DBF6A7-0FBE-4131-B64F-620C169581FA}"
EndProject
Project("{FAE04EC0-301F-11D3-BF4B-00C04F79EFBC}") = "Laboratorio 32", "Laboratorio 32\Laboratorio 32.csproj", "{A571C8DC-49B6-4C7B-928C-1B59D7EC013B}"
EndProject
Project("{FAE04EC0-301F-11D3-BF4B-00C04F79EFBC}") = "Laboratorio 33", "Laboratorio 33\Laboratorio 33.csproj", "{274F61A2-49FA-413E-9774-387E367AD14D}"
EndProject
Global
	GlobalSection(SolutionConfigurationPlatforms) = preSolution
		Debug|Any CPU = Debug|Any CPU
		Release|Any CPU = Release|Any CPU
	EndGlobalSection
	GlobalSection(ProjectConfigurationPlatforms) = postSolution
		{37C57433-969D-4B55-9DDD-3B0EA157B164}.Debug|Any CPU.ActiveCfg = Debug|Any CPU
		{37C57433-969D-4B55-9DDD-3B0EA157B164}.Debug|Any CPU.Build.0 = Debug|Any CPU
		{37C57433-969D-4B55-9DDD-3B0EA157B164}.Release|Any CPU.ActiveCfg = Release|Any CPU
		{37C57433-969D-4B55-9DDD-3B0EA157B164}.Release|Any CPU.Build.0 = Release|Any CPU
		{50DBF6A7-0FBE-4131-B64F-620C169581FA}.Debug|Any CPU.ActiveCfg = Debug|Any CPU
		{50DBF6A7-0FBE-4131-B64F-620C169581FA}.Debug|Any CPU.Build.0 = Debug|Any CPU
		{50DBF6A7-0FBE-4131-B64F-620C169581FA}.Release|Any CPU.ActiveCfg = Release|Any CPU
		{50DBF6A7-0FBE-4131-B64F-620C169581FA}.Release|Any CPU.Build.0 = Release|Any CPU
		{A571C8DC-49B6-4C7B-928C-1B59D7EC013B}.Debug|Any CPU.ActiveCfg = Debug|Any CPU
		{A571C8DC-49B6-4C7B-928C-1B59D7EC013B}.Debug|Any CPU.Build.0 = Debug|Any CPU
		{A571C8DC-49B6-4C7B-928C-1B59D7EC013B}.Release|Any CPU.ActiveCfg = Release|Any CPU
		{A571C8DC-49B6-4C7B-928C-1B59D7EC013B}.Release|Any CPU.Build.0 = Release|Any CPU
		{274F61A2-49FA-413E-9774-387E367AD14D}.Debug|Any CPU.ActiveCfg = Debug|Any CPU
		{274F61A2-49FA-413E-9774-387E367AD14D}.Debug|Any CPU.Build.0 = Debug|Any CPU
		{274F61A2-49FA-413E-9774-387E367AD14D}.Release|Any CPU.ActiveCfg = Release|Any CPU
		{274F61A2-49FA-413E-9774-387E367AD14D}.Release|Any CPU.Build.0 = Release|Any CPU
	EndGlobalSection
	GlobalSection(SolutionProperties) = preSolution
		HideSolutionNode = FALSE
	EndGlobalSection
	GlobalSection(ExtensibilityGlobals) = postSolution
		SolutionGuid = {AD228055-197A-4796-8208-48FECC6FBD27}
	EndGlobalSection
EndGlobal
