
Microsoft Visual Studio Solution File, Format Version 12.00
# Visual Studio Version 17
VisualStudioVersion = 17.14.36603.0 d17.14
MinimumVisualStudioVersion = 10.0.40219.1
Project("{FAE04EC0-301F-11D3-BF4B-00C04F79EFBC}") = "Proyecto 2", "Proyecto 2\Proyecto 2.csproj", "{0D021DDE-AB6D-4B0F-AA64-5F5F9A085A41}"
EndProject
Global
	GlobalSection(SolutionConfigurationPlatforms) = preSolution
		Debug|Any CPU = Debug|Any CPU
		Release|Any CPU = Release|Any CPU
	EndGlobalSection
	GlobalSection(ProjectConfigurationPlatforms) = postSolution
		{0D021DDE-AB6D-4B0F-AA64-5F5F9A085A41}.Debug|Any CPU.ActiveCfg = Debug|Any CPU
		{0D021DDE-AB6D-4B0F-AA64-5F5F9A085A41}.Debug|Any CPU.Build.0 = Debug|Any CPU
		{0D021DDE-AB6D-4B0F-AA64-5F5F9A085A41}.Release|Any CPU.ActiveCfg = Release|Any CPU
		{0D021DDE-AB6D-4B0F-AA64-5F5F9A085A41}.Release|Any CPU.Build.0 = Release|Any CPU
	EndGlobalSection
	GlobalSection(SolutionProperties) = preSolution
		HideSolutionNode = FALSE
	EndGlobalSection
	GlobalSection(ExtensibilityGlobals) = postSolution
		SolutionGuid = {88E0D76E-D7BA-4F6A-8F03-A120BD5BB5C3}
	EndGlobalSection
EndGlobal
