
Microsoft Visual Studio Solution File, Format Version 12.00
# Visual Studio Version 17
VisualStudioVersion = 17.14.36603.0 d17.14
MinimumVisualStudioVersion = 10.0.40219.1
Project("{FAE04EC0-301F-11D3-BF4B-00C04F79EFBC}") = "Laboratorio11", "Laboratorio11\Laboratorio11.csproj", "{1C3BC185-54EB-4307-8EF5-C359BF513C83}"
EndProject
Global
	GlobalSection(SolutionConfigurationPlatforms) = preSolution
		Debug|Any CPU = Debug|Any CPU
		Release|Any CPU = Release|Any CPU
	EndGlobalSection
	GlobalSection(ProjectConfigurationPlatforms) = postSolution
		{1C3BC185-54EB-4307-8EF5-C359BF513C83}.Debug|Any CPU.ActiveCfg = Debug|Any CPU
		{1C3BC185-54EB-4307-8EF5-C359BF513C83}.Debug|Any CPU.Build.0 = Debug|Any CPU
		{1C3BC185-54EB-4307-8EF5-C359BF513C83}.Release|Any CPU.ActiveCfg = Release|Any CPU
		{1C3BC185-54EB-4307-8EF5-C359BF513C83}.Release|Any CPU.Build.0 = Release|Any CPU
	EndGlobalSection
	GlobalSection(SolutionProperties) = preSolution
		HideSolutionNode = FALSE
	EndGlobalSection
	GlobalSection(ExtensibilityGlobals) = postSolution
		SolutionGuid = {A72AD8E8-9C0B-4376-B5C1-D4A724EA76D0}
	EndGlobalSection
EndGlobal
